{
  "name": "eslint-grunt",
  "version": "0.4.1",
  "dependencies": {
    "colors": {
      "version": "0.6.2",
      "from": "colors@0.6.2",
      "resolved": "https://registry.npmjs.org/colors/-/colors-0.6.2.tgz"
    },
    "eslint": {
      "version": "0.4.5",
      "from": "eslint@0.4.5",
      "resolved": "https://registry.npmjs.org/eslint/-/eslint-0.4.5.tgz",
      "dependencies": {
        "optionator": {
          "version": "0.1.1",
          "from": "optionator@~0.1.1",
          "dependencies": {
            "prelude-ls": {
              "version": "1.0.3",
              "from": "prelude-ls@~1.0.3"
            },
            "deep-is": {
              "version": "0.1.2",
              "from": "deep-is@~0.1.2"
            },
            "wordwrap": {
              "version": "0.0.2",
              "from": "wordwrap@~0.0.2"
            },
            "type-check": {
              "version": "0.3.0",
              "from": "type-check@~0.3.0"
            },
            "levn": {
              "version": "0.2.3",
              "from": "levn@~0.2.1"
            },
            "levenshtein-damerau": {
              "version": "0.1.0-2",
              "from": "levenshtein-damerau@~0.1.0"
            }
          }
        },
        "estraverse": {
          "version": "1.3.2",
          "from": "estraverse@~1.3.0"
        },
        "esprima": {
          "version": "1.1.1",
          "from": "esprima@~1.1.1"
        },
        "escope": {
          "version": "1.0.1",
          "from": "escope@~1.0.0",
          "resolved": "https://registry.npmjs.org/escope/-/escope-1.0.1.tgz"
        },
        "glob": {
          "version": "3.2.9",
          "from": "glob@~3.2.7",
          "dependencies": {
            "minimatch": {
              "version": "0.2.14",
              "from": "minimatch@~0.2.11",
              "dependencies": {
                "lru-cache": {
                  "version": "2.5.0",
                  "from": "lru-cache@2"
                },
                "sigmund": {
                  "version": "1.0.0",
                  "from": "sigmund@~1.0.0"
                }
              }
            },
            "inherits": {
              "version": "2.0.1",
              "from": "inherits@2"
            }
          }
        },
        "text-table": {
          "version": "0.2.0",
          "from": "text-table@~0.2.0"
        },
        "chalk": {
          "version": "0.4.0",
          "from": "chalk@~0.4.0",
          "dependencies": {
            "has-color": {
              "version": "0.1.4",
              "from": "has-color@~0.1.0"
            },
            "ansi-styles": {
              "version": "1.0.0",
              "from": "ansi-styles@~1.0.0"
            },
            "strip-ansi": {
              "version": "0.1.1",
              "from": "strip-ansi@~0.1.0"
            }
          }
        },
        "strip-json-comments": {
          "version": "0.1.1",
          "from": "strip-json-comments@~0.1.1"
        },
        "js-yaml": {
          "version": "3.0.2",
          "from": "js-yaml@~3.0.1",
          "dependencies": {
            "argparse": {
              "version": "0.1.15",
              "from": "argparse@~ 0.1.11",
              "dependencies": {
                "underscore": {
                  "version": "1.4.4",
                  "from": "underscore@~1.4.3"
                },
                "underscore.string": {
                  "version": "2.3.3",
                  "from": "underscore.string@~2.3.1"
                }
              }
            },
            "esprima": {
              "version": "1.0.4",
              "from": "esprima@~ 1.0.2"
            }
          }
        },
        "doctrine": {
          "version": "0.5.0",
          "from": "doctrine@~0.5.0"
        }
      }
    }
  }
}
