{
  "name": "eslint-grunt",
  "version": "0.4.1",
  "dependencies": {
    "colors": {
      "version": "0.6.2",
      "from": "https://registry.npmjs.org/colors/-/colors-0.6.2.tgz",
      "resolved": "https://registry.npmjs.org/colors/-/colors-0.6.2.tgz"
    },
    "eslint": {
      "version": "0.6.1",
      "from": "eslint@0.6.1",
      "dependencies": {
        "optionator": {
          "version": "0.4.0",
          "from": "optionator@^0.4.0",
          "resolved": "https://registry.npmjs.org/optionator/-/optionator-0.4.0.tgz",
          "dependencies": {
            "prelude-ls": {
              "version": "1.1.1",
              "from": "prelude-ls@~1.1.0",
              "resolved": "https://registry.npmjs.org/prelude-ls/-/prelude-ls-1.1.1.tgz"
            },
            "deep-is": {
              "version": "0.1.2",
              "from": "deep-is@~0.1.2"
            },
            "wordwrap": {
              "version": "0.0.2",
              "from": "wordwrap@~0.0.2"
            },
            "type-check": {
              "version": "0.3.1",
              "from": "type-check@~0.3.1",
              "resolved": "https://registry.npmjs.org/type-check/-/type-check-0.3.1.tgz"
            },
            "levn": {
              "version": "0.2.5",
              "from": "levn@~0.2.5",
              "resolved": "https://registry.npmjs.org/levn/-/levn-0.2.5.tgz"
            },
            "fast-levenshtein": {
              "version": "1.0.0",
              "from": "fast-levenshtein@~1.0.0",
              "resolved": "https://registry.npmjs.org/fast-levenshtein/-/fast-levenshtein-1.0.0.tgz"
            }
          }
        },
        "estraverse": {
          "version": "1.3.2",
          "from": "estraverse@~1.3.0"
        },
        "esprima": {
          "version": "1.2.2",
          "from": "esprima@^1.2.0",
          "resolved": "https://registry.npmjs.org/esprima/-/esprima-1.2.2.tgz"
        },
        "escope": {
          "version": "1.0.1",
          "from": "escope@~1.0.0",
          "resolved": "https://registry.npmjs.org/escope/-/escope-1.0.1.tgz"
        },
        "glob": {
          "version": "3.2.10",
          "from": "glob@~3.2.7",
          "resolved": "https://registry.npmjs.org/glob/-/glob-3.2.10.tgz",
          "dependencies": {
            "inherits": {
              "version": "2.0.1",
              "from": "inherits@2"
            },
            "minimatch": {
              "version": "0.3.0",
              "from": "minimatch@^0.3.0",
              "resolved": "https://registry.npmjs.org/minimatch/-/minimatch-0.3.0.tgz",
              "dependencies": {
                "lru-cache": {
                  "version": "2.5.0",
                  "from": "lru-cache@2"
                },
                "sigmund": {
                  "version": "1.0.0",
                  "from": "sigmund@~1.0.0"
                }
              }
            }
          }
        },
        "text-table": {
          "version": "0.2.0",
          "from": "text-table@~0.2.0"
        },
        "chalk": {
          "version": "0.4.0",
          "from": "chalk@~0.4.0",
          "dependencies": {
            "has-color": {
              "version": "0.1.7",
              "from": "has-color@~0.1.0"
            },
            "ansi-styles": {
              "version": "1.0.0",
              "from": "ansi-styles@~1.0.0"
            },
            "strip-ansi": {
              "version": "0.1.1",
              "from": "strip-ansi@~0.1.0"
            }
          }
        },
        "strip-json-comments": {
          "version": "0.1.2",
          "from": "strip-json-comments@~0.1.1"
        },
        "js-yaml": {
          "version": "3.0.2",
          "from": "js-yaml@~3.0.1",
          "dependencies": {
            "argparse": {
              "version": "0.1.15",
              "from": "argparse@~ 0.1.11",
              "dependencies": {
                "underscore": {
                  "version": "1.4.4",
                  "from": "underscore@~1.4.3"
                },
                "underscore.string": {
                  "version": "2.3.3",
                  "from": "underscore.string@~2.3.1"
                }
              }
            },
            "esprima": {
              "version": "1.0.4",
              "from": "esprima@~ 1.0.2"
            }
          }
        },
        "doctrine": {
          "version": "0.5.1",
          "from": "doctrine@~0.5.0"
        },
        "cssauron-esprima": {
          "version": "0.0.1",
          "from": "cssauron-esprima@0.0.1",
          "resolved": "https://registry.npmjs.org/cssauron-esprima/-/cssauron-esprima-0.0.1.tgz",
          "dependencies": {
            "cssauron": {
              "version": "1.1.1",
              "from": "cssauron@~1.1.0",
              "resolved": "https://registry.npmjs.org/cssauron/-/cssauron-1.1.1.tgz",
              "dependencies": {
                "through": {
                  "version": "2.3.4",
                  "from": "through@X.X.X"
                }
              }
            }
          }
        }
      }
    }
  }
}
